
Microsoft Visual Studio Solution File, Format Version 12.00
# Visual Studio 15
VisualStudioVersion = 15.0.26124.0
MinimumVisualStudioVersion = 15.0.26124.0
Project("{2150E333-8FDC-42A3-9474-1A3956D46DE8}") = "src", "src", "{3437C822-FB96-4C47-A2F6-9754E075961A}"
EndProject
Project("{FAE04EC0-301F-11D3-BF4B-00C04F79EFBC}") = "CommandAPI", "src\CommandAPI\CommandAPI.csproj", "{CEA577D7-2179-4FC9-8661-0A15866AC6C6}"
EndProject
Project("{2150E333-8FDC-42A3-9474-1A3956D46DE8}") = "test", "test", "{37A431ED-4487-4414-9295-8DB753008908}"
EndProject
Project("{FAE04EC0-301F-11D3-BF4B-00C04F79EFBC}") = "CommandAPI.Tests", "test\CommandAPI.Tests\CommandAPI.Tests.csproj", "{E0445075-D1B3-483E-B650-C190F2DD4BA8}"
EndProject
Global
	GlobalSection(SolutionConfigurationPlatforms) = preSolution
		Debug|Any CPU = Debug|Any CPU
		Debug|x64 = Debug|x64
		Debug|x86 = Debug|x86
		Release|Any CPU = Release|Any CPU
		Release|x64 = Release|x64
		Release|x86 = Release|x86
	EndGlobalSection
	GlobalSection(SolutionProperties) = preSolution
		HideSolutionNode = FALSE
	EndGlobalSection
	GlobalSection(ProjectConfigurationPlatforms) = postSolution
		{CEA577D7-2179-4FC9-8661-0A15866AC6C6}.Debug|Any CPU.ActiveCfg = Debug|Any CPU
		{CEA577D7-2179-4FC9-8661-0A15866AC6C6}.Debug|Any CPU.Build.0 = Debug|Any CPU
		{CEA577D7-2179-4FC9-8661-0A15866AC6C6}.Debug|x64.ActiveCfg = Debug|Any CPU
		{CEA577D7-2179-4FC9-8661-0A15866AC6C6}.Debug|x64.Build.0 = Debug|Any CPU
		{CEA577D7-2179-4FC9-8661-0A15866AC6C6}.Debug|x86.ActiveCfg = Debug|Any CPU
		{CEA577D7-2179-4FC9-8661-0A15866AC6C6}.Debug|x86.Build.0 = Debug|Any CPU
		{CEA577D7-2179-4FC9-8661-0A15866AC6C6}.Release|Any CPU.ActiveCfg = Release|Any CPU
		{CEA577D7-2179-4FC9-8661-0A15866AC6C6}.Release|Any CPU.Build.0 = Release|Any CPU
		{CEA577D7-2179-4FC9-8661-0A15866AC6C6}.Release|x64.ActiveCfg = Release|Any CPU
		{CEA577D7-2179-4FC9-8661-0A15866AC6C6}.Release|x64.Build.0 = Release|Any CPU
		{CEA577D7-2179-4FC9-8661-0A15866AC6C6}.Release|x86.ActiveCfg = Release|Any CPU
		{CEA577D7-2179-4FC9-8661-0A15866AC6C6}.Release|x86.Build.0 = Release|Any CPU
		{E0445075-D1B3-483E-B650-C190F2DD4BA8}.Debug|Any CPU.ActiveCfg = Debug|Any CPU
		{E0445075-D1B3-483E-B650-C190F2DD4BA8}.Debug|Any CPU.Build.0 = Debug|Any CPU
		{E0445075-D1B3-483E-B650-C190F2DD4BA8}.Debug|x64.ActiveCfg = Debug|Any CPU
		{E0445075-D1B3-483E-B650-C190F2DD4BA8}.Debug|x64.Build.0 = Debug|Any CPU
		{E0445075-D1B3-483E-B650-C190F2DD4BA8}.Debug|x86.ActiveCfg = Debug|Any CPU
		{E0445075-D1B3-483E-B650-C190F2DD4BA8}.Debug|x86.Build.0 = Debug|Any CPU
		{E0445075-D1B3-483E-B650-C190F2DD4BA8}.Release|Any CPU.ActiveCfg = Release|Any CPU
		{E0445075-D1B3-483E-B650-C190F2DD4BA8}.Release|Any CPU.Build.0 = Release|Any CPU
		{E0445075-D1B3-483E-B650-C190F2DD4BA8}.Release|x64.ActiveCfg = Release|Any CPU
		{E0445075-D1B3-483E-B650-C190F2DD4BA8}.Release|x64.Build.0 = Release|Any CPU
		{E0445075-D1B3-483E-B650-C190F2DD4BA8}.Release|x86.ActiveCfg = Release|Any CPU
		{E0445075-D1B3-483E-B650-C190F2DD4BA8}.Release|x86.Build.0 = Release|Any CPU
	EndGlobalSection
	GlobalSection(NestedProjects) = preSolution
		{CEA577D7-2179-4FC9-8661-0A15866AC6C6} = {3437C822-FB96-4C47-A2F6-9754E075961A}
		{E0445075-D1B3-483E-B650-C190F2DD4BA8} = {37A431ED-4487-4414-9295-8DB753008908}
	EndGlobalSection
EndGlobal
